
Microsoft Visual Studio Solution File, Format Version 12.00
# Visual Studio 15
VisualStudioVersion = 15.0.28307.106
MinimumVisualStudioVersion = 10.0.40219.1
Project("{FAE04EC0-301F-11D3-BF4B-00C04F79EFBC}") = "排块游戏", "排块游戏\排块游戏.csproj", "{BDB3F6DA-B5FA-4248-B639-B3AB30B87DDD}"
EndProject
Global
	GlobalSection(SolutionConfigurationPlatforms) = preSolution
		Debug|Any CPU = Debug|Any CPU
		Release|Any CPU = Release|Any CPU
	EndGlobalSection
	GlobalSection(ProjectConfigurationPlatforms) = postSolution
		{BDB3F6DA-B5FA-4248-B639-B3AB30B87DDD}.Debug|Any CPU.ActiveCfg = Debug|Any CPU
		{BDB3F6DA-B5FA-4248-B639-B3AB30B87DDD}.Debug|Any CPU.Build.0 = Debug|Any CPU
		{BDB3F6DA-B5FA-4248-B639-B3AB30B87DDD}.Release|Any CPU.ActiveCfg = Release|Any CPU
		{BDB3F6DA-B5FA-4248-B639-B3AB30B87DDD}.Release|Any CPU.Build.0 = Release|Any CPU
	EndGlobalSection
	GlobalSection(SolutionProperties) = preSolution
		HideSolutionNode = FALSE
	EndGlobalSection
	GlobalSection(ExtensibilityGlobals) = postSolution
		SolutionGuid = {457966B4-4689-4310-944B-5E57766B455C}
	EndGlobalSection
EndGlobal
